
Microsoft Visual Studio Solution File, Format Version 12.00
# Visual Studio Version 17
VisualStudioVersion = 17.5.002.0
MinimumVisualStudioVersion = 10.0.40219.1
Project("{9A19103F-16F7-4668-BE54-9A1E7A4F7556}") = "api", "api.csproj", "{4E200E9B-DE1A-41AA-A708-3F07FE0438C8}"
EndProject
Global
	GlobalSection(SolutionConfigurationPlatforms) = preSolution
		Debug|Any CPU = Debug|Any CPU
		Release|Any CPU = Release|Any CPU
	EndGlobalSection
	GlobalSection(ProjectConfigurationPlatforms) = postSolution
		{4E200E9B-DE1A-41AA-A708-3F07FE0438C8}.Debug|Any CPU.ActiveCfg = Debug|Any CPU
		{4E200E9B-DE1A-41AA-A708-3F07FE0438C8}.Debug|Any CPU.Build.0 = Debug|Any CPU
		{4E200E9B-DE1A-41AA-A708-3F07FE0438C8}.Release|Any CPU.ActiveCfg = Release|Any CPU
		{4E200E9B-DE1A-41AA-A708-3F07FE0438C8}.Release|Any CPU.Build.0 = Release|Any CPU
	EndGlobalSection
	GlobalSection(SolutionProperties) = preSolution
		HideSolutionNode = FALSE
	EndGlobalSection
	GlobalSection(ExtensibilityGlobals) = postSolution
		SolutionGuid = {6E0BB3B4-FB1C-4239-B4FA-47DD90B15423}
	EndGlobalSection
EndGlobal
